
Microsoft Visual Studio Solution File, Format Version 12.00
# Visual Studio Version 17
VisualStudioVersion = 17.11.35303.130
MinimumVisualStudioVersion = 10.0.40219.1
Project("{FAE04EC0-301F-11D3-BF4B-00C04F79EFBC}") = "FluentInterface_PublishSubscribe", "ConsoleApp1\FluentInterface_PublishSubscribe.csproj", "{BF282811-76B8-48B7-B653-DEF770A632CF}"
EndProject
Global
	GlobalSection(SolutionConfigurationPlatforms) = preSolution
		Debug|Any CPU = Debug|Any CPU
		Release|Any CPU = Release|Any CPU
	EndGlobalSection
	GlobalSection(ProjectConfigurationPlatforms) = postSolution
		{BF282811-76B8-48B7-B653-DEF770A632CF}.Debug|Any CPU.ActiveCfg = Debug|Any CPU
		{BF282811-76B8-48B7-B653-DEF770A632CF}.Debug|Any CPU.Build.0 = Debug|Any CPU
		{BF282811-76B8-48B7-B653-DEF770A632CF}.Release|Any CPU.ActiveCfg = Release|Any CPU
		{BF282811-76B8-48B7-B653-DEF770A632CF}.Release|Any CPU.Build.0 = Release|Any CPU
	EndGlobalSection
	GlobalSection(SolutionProperties) = preSolution
		HideSolutionNode = FALSE
	EndGlobalSection
	GlobalSection(ExtensibilityGlobals) = postSolution
		SolutionGuid = {AE1D7849-B4A3-49F3-BF7C-991E6E8AB5EF}
	EndGlobalSection
EndGlobal
